
Microsoft Visual Studio Solution File, Format Version 12.00
# Visual Studio Version 17
VisualStudioVersion = 17.4.33122.133
MinimumVisualStudioVersion = 10.0.40219.1
Project("{9A19103F-16F7-4668-BE54-9A1E7A4F7556}") = "CodeMatcherV2Api", "CodeMatcherV2Api\CodeMatcherV2Api.csproj", "{BEF3B14F-D0D1-4022-9F81-5B38D43ED2FA}"
EndProject
Project("{2150E333-8FDC-42A3-9474-1A3956D46DE8}") = "UnitTests", "UnitTests", "{C9361C82-D9BF-4ED5-89CA-82AB90E7C57E}"
EndProject
Project("{FAE04EC0-301F-11D3-BF4B-00C04F79EFBC}") = "XUnitTest", "UnitTests\XUnitTest\XUnitTest.csproj", "{2BB36509-00DF-4F1F-855F-EBCB4C3F1F14}"
EndProject
Global
	GlobalSection(SolutionConfigurationPlatforms) = preSolution
		Debug|Any CPU = Debug|Any CPU
		Release|Any CPU = Release|Any CPU
	EndGlobalSection
	GlobalSection(ProjectConfigurationPlatforms) = postSolution
		{BEF3B14F-D0D1-4022-9F81-5B38D43ED2FA}.Debug|Any CPU.ActiveCfg = Debug|Any CPU
		{BEF3B14F-D0D1-4022-9F81-5B38D43ED2FA}.Debug|Any CPU.Build.0 = Debug|Any CPU
		{BEF3B14F-D0D1-4022-9F81-5B38D43ED2FA}.Release|Any CPU.ActiveCfg = Release|Any CPU
		{BEF3B14F-D0D1-4022-9F81-5B38D43ED2FA}.Release|Any CPU.Build.0 = Release|Any CPU
		{2BB36509-00DF-4F1F-855F-EBCB4C3F1F14}.Debug|Any CPU.ActiveCfg = Debug|Any CPU
		{2BB36509-00DF-4F1F-855F-EBCB4C3F1F14}.Debug|Any CPU.Build.0 = Debug|Any CPU
		{2BB36509-00DF-4F1F-855F-EBCB4C3F1F14}.Release|Any CPU.ActiveCfg = Release|Any CPU
		{2BB36509-00DF-4F1F-855F-EBCB4C3F1F14}.Release|Any CPU.Build.0 = Release|Any CPU
	EndGlobalSection
	GlobalSection(SolutionProperties) = preSolution
		HideSolutionNode = FALSE
	EndGlobalSection
	GlobalSection(NestedProjects) = preSolution
		{2BB36509-00DF-4F1F-855F-EBCB4C3F1F14} = {C9361C82-D9BF-4ED5-89CA-82AB90E7C57E}
	EndGlobalSection
	GlobalSection(ExtensibilityGlobals) = postSolution
		SolutionGuid = {3AF6FFC4-C464-4375-896B-492D4692B63C}
	EndGlobalSection
EndGlobal
